{"format_version":"1.2","terraform_version":"1.14.1","planned_values":{"root_module":{"resources":[{"address":"aws_instance.allowed_instance","mode":"managed","type":"aws_instance","name":"allowed_instance","provider_name":"registry.terraform.io/hashicorp/aws","schema_version":1,"values":{"ami":"ami-0c55b159cbfafe1f0","credit_specification":[],"get_password_data":false,"hibernation":null,"instance_type":"t3.micro","launch_template":[],"source_dest_check":true,"tags":null,"timeouts":null,"user_data_replace_on_change":false,"volume_tags":null},"sensitive_values":{"capacity_reservation_specification":[],"cpu_options":[],"credit_specification":[],"ebs_block_device":[],"enclave_options":[],"ephemeral_block_device":[],"instance_market_options":[],"ipv6_addresses":[],"launch_template":[],"maintenance_options":[],"metadata_options":[],"network_interface":[],"private_dns_name_options":[],"root_block_device":[],"secondary_private_ips":[],"security_groups":[],"tags_all":{},"vpc_security_group_ids":[]}},{"address":"aws_s3_bucket.allowed_bucket","mode":"managed","type":"aws_s3_bucket","name":"allowed_bucket","provider_name":"registry.terraform.io/hashicorp/aws","schema_version":0,"values":{"bucket":"psynth-allowed-bucket-us-east-1","force_destroy":false,"tags":null,"timeouts":null},"sensitive_values":{"cors_rule":[],"grant":[],"lifecycle_rule":[],"logging":[],"object_lock_configuration":[],"replication_configuration":[],"server_side_encryption_configuration":[],"tags_all":{},"versioning":[],"website":[]}}]}},"resource_changes":[{"address":"aws_instance.allowed_instance","mode":"managed","type":"aws_instance","name":"allowed_instance","provider_name":"registry.terraform.io/hashicorp/aws","change":{"actions":["create"],"before":null,"after":{"ami":"ami-0c55b159cbfafe1f0","credit_specification":[],"get_password_data":false,"hibernation":null,"instance_type":"t3.micro","launch_template":[],"source_dest_check":true,"tags":null,"timeouts":null,"user_data_replace_on_change":false,"volume_tags":null},"after_unknown":{"arn":true,"associate_public_ip_address":true,"availability_zone":true,"capacity_reservation_specification":true,"cpu_core_count":true,"cpu_options":true,"cpu_threads_per_core":true,"credit_specification":[],"disable_api_stop":true,"disable_api_termination":true,"ebs_block_device":true,"ebs_optimized":true,"enable_primary_ipv6":true,"enclave_options":true,"ephemeral_block_device":true,"host_id":true,"host_resource_group_arn":true,"iam_instance_profile":true,"id":true,"instance_initiated_shutdown_behavior":true,"instance_lifecycle":true,"instance_market_options":true,"instance_state":true,"ipv6_address_count":true,"ipv6_addresses":true,"key_name":true,"launch_template":[],"maintenance_options":true,"metadata_options":true,"monitoring":true,"network_interface":true,"outpost_arn":true,"password_data":true,"placement_group":true,"placement_partition_number":true,"primary_network_interface_id":true,"private_dns":true,"private_dns_name_options":true,"private_ip":true,"public_dns":true,"public_ip":true,"root_block_device":true,"secondary_private_ips":true,"security_groups":true,"spot_instance_request_id":true,"subnet_id":true,"tags_all":true,"tenancy":true,"user_data":true,"user_data_base64":true,"vpc_security_group_ids":true},"before_sensitive":false,"after_sensitive":{"capacity_reservation_specification":[],"cpu_options":[],"credit_specification":[],"ebs_block_device":[],"enclave_options":[],"ephemeral_block_device":[],"instance_market_options":[],"ipv6_addresses":[],"launch_template":[],"maintenance_options":[],"metadata_options":[],"network_interface":[],"private_dns_name_options":[],"root_block_device":[],"secondary_private_ips":[],"security_groups":[],"tags_all":{},"vpc_security_group_ids":[]}}},{"address":"aws_s3_bucket.allowed_bucket","mode":"managed","type":"aws_s3_bucket","name":"allowed_bucket","provider_name":"registry.terraform.io/hashicorp/aws","change":{"actions":["create"],"before":null,"after":{"bucket":"psynth-allowed-bucket-us-east-1","force_destroy":false,"tags":null,"timeouts":null},"after_unknown":{"acceleration_status":true,"acl":true,"arn":true,"bucket_domain_name":true,"bucket_prefix":true,"bucket_regional_domain_name":true,"cors_rule":true,"grant":true,"hosted_zone_id":true,"id":true,"lifecycle_rule":true,"logging":true,"object_lock_configuration":true,"object_lock_enabled":true,"policy":true,"region":true,"replication_configuration":true,"request_payer":true,"server_side_encryption_configuration":true,"tags_all":true,"versioning":true,"website":true,"website_domain":true,"website_endpoint":true},"before_sensitive":false,"after_sensitive":{"cors_rule":[],"grant":[],"lifecycle_rule":[],"logging":[],"object_lock_configuration":[],"replication_configuration":[],"server_side_encryption_configuration":[],"tags_all":{},"versioning":[],"website":[]}}}],"configuration":{"provider_config":{"aws":{"name":"aws","full_name":"registry.terraform.io/hashicorp/aws","version_constraint":"~\u003e 5.0","expressions":{"region":{"constant_value":"us-east-1"}}}},"root_module":{"resources":[{"address":"aws_instance.allowed_instance","mode":"managed","type":"aws_instance","name":"allowed_instance","provider_config_key":"aws","expressions":{"ami":{"constant_value":"ami-0c55b159cbfafe1f0"},"instance_type":{"constant_value":"t3.micro"}},"schema_version":1},{"address":"aws_s3_bucket.allowed_bucket","mode":"managed","type":"aws_s3_bucket","name":"allowed_bucket","provider_config_key":"aws","expressions":{"bucket":{"constant_value":"psynth-allowed-bucket-us-east-1"}},"schema_version":0}]}},"timestamp":"2025-12-06T05:01:38Z","applyable":true,"complete":true,"errored":false}
